
Microsoft Visual Studio Solution File, Format Version 12.00
# Visual Studio Version 16
VisualStudioVersion = 16.0.30621.155
MinimumVisualStudioVersion = 10.0.40219.1
Project("{FAE04EC0-301F-11D3-BF4B-00C04F79EFBC}") = "WebsiteScrapingBot", "WebsiteScrapingBot.csproj", "{BDFBA800-7B98-4B23-842E-EC5FBF03F16D}"
EndProject
Global
	GlobalSection(SolutionConfigurationPlatforms) = preSolution
		Debug|Any CPU = Debug|Any CPU
		Release|Any CPU = Release|Any CPU
	EndGlobalSection
	GlobalSection(ProjectConfigurationPlatforms) = postSolution
		{BDFBA800-7B98-4B23-842E-EC5FBF03F16D}.Debug|Any CPU.ActiveCfg = Debug|Any CPU
		{BDFBA800-7B98-4B23-842E-EC5FBF03F16D}.Debug|Any CPU.Build.0 = Debug|Any CPU
		{BDFBA800-7B98-4B23-842E-EC5FBF03F16D}.Release|Any CPU.ActiveCfg = Release|Any CPU
		{BDFBA800-7B98-4B23-842E-EC5FBF03F16D}.Release|Any CPU.Build.0 = Release|Any CPU
	EndGlobalSection
	GlobalSection(SolutionProperties) = preSolution
		HideSolutionNode = FALSE
	EndGlobalSection
	GlobalSection(ExtensibilityGlobals) = postSolution
		SolutionGuid = {A204B03F-43E4-4320-A7D7-815EDF5C38A2}
	EndGlobalSection
EndGlobal
